// !$*UTF8*$!
{
	archiveVersion = 1;
	classes = {
	};
	objectVersion = 56;
	objects = {

/* Begin PBXBuildFile section */
		42A37DD52AB89184008477B9 /* AppDelegate.swift in Sources */ = {isa = PBXBuildFile; fileRef = 42A37DD42AB89184008477B9 /* AppDelegate.swift */; };
		42A37DD72AB89184008477B9 /* SceneDelegate.swift in Sources */ = {isa = PBXBuildFile; fileRef = 42A37DD62AB89184008477B9 /* SceneDelegate.swift */; };
		42A37DDE2AB89186008477B9 /* Assets.xcassets in Resources */ = {isa = PBXBuildFile; fileRef = 42A37DDD2AB89186008477B9 /* Assets.xcassets */; };
		42A37DE12AB89186008477B9 /* LaunchScreen.storyboard in Resources */ = {isa = PBXBuildFile; fileRef = 42A37DDF2AB89186008477B9 /* LaunchScreen.storyboard */; };
		42A37DEF2AB8936F008477B9 /* MoviesSearch+ViewController.swift in Sources */ = {isa = PBXBuildFile; fileRef = 42A37DEE2AB8936F008477B9 /* MoviesSearch+ViewController.swift */; };
		42A37DF32AB89494008477B9 /* MoviesSearch+Presenter.swift in Sources */ = {isa = PBXBuildFile; fileRef = 42A37DF22AB89494008477B9 /* MoviesSearch+Presenter.swift */; };
		42A37DF52AB894A1008477B9 /* MoviesSearch+Router.swift in Sources */ = {isa = PBXBuildFile; fileRef = 42A37DF42AB894A1008477B9 /* MoviesSearch+Router.swift */; };
		42A37DF72AB894AD008477B9 /* MoviesSearch+Contract.swift in Sources */ = {isa = PBXBuildFile; fileRef = 42A37DF62AB894AD008477B9 /* MoviesSearch+Contract.swift */; };
		42A37DF92AB89542008477B9 /* AppRouter.swift in Sources */ = {isa = PBXBuildFile; fileRef = 42A37DF82AB89542008477B9 /* AppRouter.swift */; };
		42A37DFC2AB8A062008477B9 /* PopularMovie.swift in Sources */ = {isa = PBXBuildFile; fileRef = 42A37DFB2AB8A062008477B9 /* PopularMovie.swift */; };
		42A37E002AB8A3FB008477B9 /* PopularMoviesResponse.swift in Sources */ = {isa = PBXBuildFile; fileRef = 42A37DFF2AB8A3FB008477B9 /* PopularMoviesResponse.swift */; };
		42A37E022AB8A4DD008477B9 /* ProviderContract.swift in Sources */ = {isa = PBXBuildFile; fileRef = 42A37E012AB8A4DD008477B9 /* ProviderContract.swift */; };
		42A37E042AB8A54F008477B9 /* NetworkContract.swift in Sources */ = {isa = PBXBuildFile; fileRef = 42A37E032AB8A54F008477B9 /* NetworkContract.swift */; };
		42A37E082AB8A6D0008477B9 /* NetworkClient.swift in Sources */ = {isa = PBXBuildFile; fileRef = 42A37E072AB8A6D0008477B9 /* NetworkClient.swift */; };
		42A37E0A2AB8A714008477B9 /* URLBuilder.swift in Sources */ = {isa = PBXBuildFile; fileRef = 42A37E092AB8A714008477B9 /* URLBuilder.swift */; };
		42A37E0D2AB8AA35008477B9 /* TheMoviesDBProvider.swift in Sources */ = {isa = PBXBuildFile; fileRef = 42A37E0C2AB8AA35008477B9 /* TheMoviesDBProvider.swift */; };
		42A37E0F2AB8B03C008477B9 /* MovieCollectionViewCell.swift in Sources */ = {isa = PBXBuildFile; fileRef = 42A37E0E2AB8B03C008477B9 /* MovieCollectionViewCell.swift */; };
		42A37E122AB8B09F008477B9 /* MovieCollectionViewCellModel.swift in Sources */ = {isa = PBXBuildFile; fileRef = 42A37E112AB8B09F008477B9 /* MovieCollectionViewCellModel.swift */; };
/* End PBXBuildFile section */

/* Begin PBXFileReference section */
		42A37DD12AB89184008477B9 /* Movies.app */ = {isa = PBXFileReference; explicitFileType = wrapper.application; includeInIndex = 0; path = Movies.app; sourceTree = BUILT_PRODUCTS_DIR; };
		42A37DD42AB89184008477B9 /* AppDelegate.swift */ = {isa = PBXFileReference; lastKnownFileType = sourcecode.swift; path = AppDelegate.swift; sourceTree = "<group>"; };
		42A37DD62AB89184008477B9 /* SceneDelegate.swift */ = {isa = PBXFileReference; lastKnownFileType = sourcecode.swift; path = SceneDelegate.swift; sourceTree = "<group>"; };
		42A37DDD2AB89186008477B9 /* Assets.xcassets */ = {isa = PBXFileReference; lastKnownFileType = folder.assetcatalog; path = Assets.xcassets; sourceTree = "<group>"; };
		42A37DE02AB89186008477B9 /* Base */ = {isa = PBXFileReference; lastKnownFileType = file.storyboard; name = Base; path = Base.lproj/LaunchScreen.storyboard; sourceTree = "<group>"; };
		42A37DE22AB89186008477B9 /* Info.plist */ = {isa = PBXFileReference; lastKnownFileType = text.plist.xml; path = Info.plist; sourceTree = "<group>"; };
		42A37DEE2AB8936F008477B9 /* MoviesSearch+ViewController.swift */ = {isa = PBXFileReference; lastKnownFileType = sourcecode.swift; path = "MoviesSearch+ViewController.swift"; sourceTree = "<group>"; };
		42A37DF22AB89494008477B9 /* MoviesSearch+Presenter.swift */ = {isa = PBXFileReference; lastKnownFileType = sourcecode.swift; path = "MoviesSearch+Presenter.swift"; sourceTree = "<group>"; };
		42A37DF42AB894A1008477B9 /* MoviesSearch+Router.swift */ = {isa = PBXFileReference; lastKnownFileType = sourcecode.swift; path = "MoviesSearch+Router.swift"; sourceTree = "<group>"; };
		42A37DF62AB894AD008477B9 /* MoviesSearch+Contract.swift */ = {isa = PBXFileReference; lastKnownFileType = sourcecode.swift; path = "MoviesSearch+Contract.swift"; sourceTree = "<group>"; };
		42A37DF82AB89542008477B9 /* AppRouter.swift */ = {isa = PBXFileReference; lastKnownFileType = sourcecode.swift; path = AppRouter.swift; sourceTree = "<group>"; };
		42A37DFB2AB8A062008477B9 /* PopularMovie.swift */ = {isa = PBXFileReference; lastKnownFileType = sourcecode.swift; path = PopularMovie.swift; sourceTree = "<group>"; };
		42A37DFF2AB8A3FB008477B9 /* PopularMoviesResponse.swift */ = {isa = PBXFileReference; lastKnownFileType = sourcecode.swift; path = PopularMoviesResponse.swift; sourceTree = "<group>"; };
		42A37E012AB8A4DD008477B9 /* ProviderContract.swift */ = {isa = PBXFileReference; lastKnownFileType = sourcecode.swift; path = ProviderContract.swift; sourceTree = "<group>"; };
		42A37E032AB8A54F008477B9 /* NetworkContract.swift */ = {isa = PBXFileReference; lastKnownFileType = sourcecode.swift; path = NetworkContract.swift; sourceTree = "<group>"; };
		42A37E072AB8A6D0008477B9 /* NetworkClient.swift */ = {isa = PBXFileReference; lastKnownFileType = sourcecode.swift; path = NetworkClient.swift; sourceTree = "<group>"; };
		42A37E092AB8A714008477B9 /* URLBuilder.swift */ = {isa = PBXFileReference; lastKnownFileType = sourcecode.swift; path = URLBuilder.swift; sourceTree = "<group>"; };
		42A37E0C2AB8AA35008477B9 /* TheMoviesDBProvider.swift */ = {isa = PBXFileReference; lastKnownFileType = sourcecode.swift; path = TheMoviesDBProvider.swift; sourceTree = "<group>"; };
		42A37E0E2AB8B03C008477B9 /* MovieCollectionViewCell.swift */ = {isa = PBXFileReference; lastKnownFileType = sourcecode.swift; path = MovieCollectionViewCell.swift; sourceTree = "<group>"; };
		42A37E112AB8B09F008477B9 /* MovieCollectionViewCellModel.swift */ = {isa = PBXFileReference; lastKnownFileType = sourcecode.swift; path = MovieCollectionViewCellModel.swift; sourceTree = "<group>"; };
/* End PBXFileReference section */

/* Begin PBXFrameworksBuildPhase section */
		42A37DCE2AB89184008477B9 /* Frameworks */ = {
			isa = PBXFrameworksBuildPhase;
			buildActionMask = 2147483647;
			files = (
			);
			runOnlyForDeploymentPostprocessing = 0;
		};
/* End PBXFrameworksBuildPhase section */

/* Begin PBXGroup section */
		42A37DC82AB89184008477B9 = {
			isa = PBXGroup;
			children = (
				42A37DD32AB89184008477B9 /* Movies */,
				42A37DD22AB89184008477B9 /* Products */,
			);
			sourceTree = "<group>";
		};
		42A37DD22AB89184008477B9 /* Products */ = {
			isa = PBXGroup;
			children = (
				42A37DD12AB89184008477B9 /* Movies.app */,
			);
			name = Products;
			sourceTree = "<group>";
		};
		42A37DD32AB89184008477B9 /* Movies */ = {
			isa = PBXGroup;
			children = (
				42A37DFA2AB89FFF008477B9 /* App */,
				42A37DF82AB89542008477B9 /* AppRouter.swift */,
				42A37DFE2AB8A072008477B9 /* Network */,
				42A37DF02AB89454008477B9 /* Scenes */,
				42A37DDD2AB89186008477B9 /* Assets.xcassets */,
				42A37DDF2AB89186008477B9 /* LaunchScreen.storyboard */,
				42A37DE22AB89186008477B9 /* Info.plist */,
			);
			path = Movies;
			sourceTree = "<group>";
		};
		42A37DF02AB89454008477B9 /* Scenes */ = {
			isa = PBXGroup;
			children = (
				42A37DF12AB89482008477B9 /* MoviesSearch */,
			);
			name = Scenes;
			sourceTree = "<group>";
		};
		42A37DF12AB89482008477B9 /* MoviesSearch */ = {
			isa = PBXGroup;
			children = (
				42A37DEE2AB8936F008477B9 /* MoviesSearch+ViewController.swift */,
				42A37E102AB8B043008477B9 /* Components */,
				42A37DF22AB89494008477B9 /* MoviesSearch+Presenter.swift */,
				42A37DF42AB894A1008477B9 /* MoviesSearch+Router.swift */,
				42A37DF62AB894AD008477B9 /* MoviesSearch+Contract.swift */,
			);
			name = MoviesSearch;
			sourceTree = "<group>";
		};
		42A37DFA2AB89FFF008477B9 /* App */ = {
			isa = PBXGroup;
			children = (
				42A37DD42AB89184008477B9 /* AppDelegate.swift */,
				42A37DD62AB89184008477B9 /* SceneDelegate.swift */,
			);
			name = App;
			sourceTree = "<group>";
		};
		42A37DFD2AB8A066008477B9 /* Responses */ = {
			isa = PBXGroup;
			children = (
				42A37DFB2AB8A062008477B9 /* PopularMovie.swift */,
				42A37DFF2AB8A3FB008477B9 /* PopularMoviesResponse.swift */,
			);
			name = Responses;
			sourceTree = "<group>";
		};
		42A37DFE2AB8A072008477B9 /* Network */ = {
			isa = PBXGroup;
			children = (
				42A37DFD2AB8A066008477B9 /* Responses */,
				42A37E052AB8A553008477B9 /* Providers */,
				42A37E062AB8A55B008477B9 /* Client */,
				42A37E0B2AB8A718008477B9 /* Utills */,
			);
			name = Network;
			sourceTree = "<group>";
		};
		42A37E052AB8A553008477B9 /* Providers */ = {
			isa = PBXGroup;
			children = (
				42A37E012AB8A4DD008477B9 /* ProviderContract.swift */,
				42A37E0C2AB8AA35008477B9 /* TheMoviesDBProvider.swift */,
			);
			name = Providers;
			sourceTree = "<group>";
		};
		42A37E062AB8A55B008477B9 /* Client */ = {
			isa = PBXGroup;
			children = (
				42A37E032AB8A54F008477B9 /* NetworkContract.swift */,
				42A37E072AB8A6D0008477B9 /* NetworkClient.swift */,
			);
			name = Client;
			sourceTree = "<group>";
		};
		42A37E0B2AB8A718008477B9 /* Utills */ = {
			isa = PBXGroup;
			children = (
				42A37E092AB8A714008477B9 /* URLBuilder.swift */,
			);
			name = Utills;
			sourceTree = "<group>";
		};
		42A37E102AB8B043008477B9 /* Components */ = {
			isa = PBXGroup;
			children = (
				42A37E0E2AB8B03C008477B9 /* MovieCollectionViewCell.swift */,
				42A37E112AB8B09F008477B9 /* MovieCollectionViewCellModel.swift */,
			);
			name = Components;
			sourceTree = "<group>";
		};
/* End PBXGroup section */

/* Begin PBXNativeTarget section */
		42A37DD02AB89184008477B9 /* Movies */ = {
			isa = PBXNativeTarget;
			buildConfigurationList = 42A37DE52AB89186008477B9 /* Build configuration list for PBXNativeTarget "Movies" */;
			buildPhases = (
				42A37DCD2AB89184008477B9 /* Sources */,
				42A37DCE2AB89184008477B9 /* Frameworks */,
				42A37DCF2AB89184008477B9 /* Resources */,
			);
			buildRules = (
			);
			dependencies = (
			);
			name = Movies;
			productName = Movies;
			productReference = 42A37DD12AB89184008477B9 /* Movies.app */;
			productType = "com.apple.product-type.application";
		};
/* End PBXNativeTarget section */

/* Begin PBXProject section */
		42A37DC92AB89184008477B9 /* Project object */ = {
			isa = PBXProject;
			attributes = {
				BuildIndependentTargetsInParallel = 1;
				LastSwiftUpdateCheck = 1430;
				LastUpgradeCheck = 1430;
				TargetAttributes = {
					42A37DD02AB89184008477B9 = {
						CreatedOnToolsVersion = 14.3.1;
					};
				};
			};
			buildConfigurationList = 42A37DCC2AB89184008477B9 /* Build configuration list for PBXProject "Movies" */;
			compatibilityVersion = "Xcode 14.0";
			developmentRegion = en;
			hasScannedForEncodings = 0;
			knownRegions = (
				en,
				Base,
			);
			mainGroup = 42A37DC82AB89184008477B9;
			productRefGroup = 42A37DD22AB89184008477B9 /* Products */;
			projectDirPath = "";
			projectRoot = "";
			targets = (
				42A37DD02AB89184008477B9 /* Movies */,
			);
		};
/* End PBXProject section */

/* Begin PBXResourcesBuildPhase section */
		42A37DCF2AB89184008477B9 /* Resources */ = {
			isa = PBXResourcesBuildPhase;
			buildActionMask = 2147483647;
			files = (
				42A37DE12AB89186008477B9 /* LaunchScreen.storyboard in Resources */,
				42A37DDE2AB89186008477B9 /* Assets.xcassets in Resources */,
			);
			runOnlyForDeploymentPostprocessing = 0;
		};
/* End PBXResourcesBuildPhase section */

/* Begin PBXSourcesBuildPhase section */
		42A37DCD2AB89184008477B9 /* Sources */ = {
			isa = PBXSourcesBuildPhase;
			buildActionMask = 2147483647;
			files = (
				42A37E042AB8A54F008477B9 /* NetworkContract.swift in Sources */,
				42A37DFC2AB8A062008477B9 /* PopularMovie.swift in Sources */,
				42A37DEF2AB8936F008477B9 /* MoviesSearch+ViewController.swift in Sources */,
				42A37DD52AB89184008477B9 /* AppDelegate.swift in Sources */,
				42A37E0A2AB8A714008477B9 /* URLBuilder.swift in Sources */,
				42A37E0D2AB8AA35008477B9 /* TheMoviesDBProvider.swift in Sources */,
				42A37E002AB8A3FB008477B9 /* PopularMoviesResponse.swift in Sources */,
				42A37E022AB8A4DD008477B9 /* ProviderContract.swift in Sources */,
				42A37DF52AB894A1008477B9 /* MoviesSearch+Router.swift in Sources */,
				42A37E122AB8B09F008477B9 /* MovieCollectionViewCellModel.swift in Sources */,
				42A37DD72AB89184008477B9 /* SceneDelegate.swift in Sources */,
				42A37DF92AB89542008477B9 /* AppRouter.swift in Sources */,
				42A37DF32AB89494008477B9 /* MoviesSearch+Presenter.swift in Sources */,
				42A37E0F2AB8B03C008477B9 /* MovieCollectionViewCell.swift in Sources */,
				42A37DF72AB894AD008477B9 /* MoviesSearch+Contract.swift in Sources */,
				42A37E082AB8A6D0008477B9 /* NetworkClient.swift in Sources */,
			);
			runOnlyForDeploymentPostprocessing = 0;
		};
/* End PBXSourcesBuildPhase section */

/* Begin PBXVariantGroup section */
		42A37DDF2AB89186008477B9 /* LaunchScreen.storyboard */ = {
			isa = PBXVariantGroup;
			children = (
				42A37DE02AB89186008477B9 /* Base */,
			);
			name = LaunchScreen.storyboard;
			sourceTree = "<group>";
		};
/* End PBXVariantGroup section */

/* Begin XCBuildConfiguration section */
		42A37DE32AB89186008477B9 /* Debug */ = {
			isa = XCBuildConfiguration;
			buildSettings = {
				ALWAYS_SEARCH_USER_PATHS = NO;
				CLANG_ANALYZER_NONNULL = YES;
				CLANG_ANALYZER_NUMBER_OBJECT_CONVERSION = YES_AGGRESSIVE;
				CLANG_CXX_LANGUAGE_STANDARD = "gnu++20";
				CLANG_ENABLE_MODULES = YES;
				CLANG_ENABLE_OBJC_ARC = YES;
				CLANG_ENABLE_OBJC_WEAK = YES;
				CLANG_WARN_BLOCK_CAPTURE_AUTORELEASING = YES;
				CLANG_WARN_BOOL_CONVERSION = YES;
				CLANG_WARN_COMMA = YES;
				CLANG_WARN_CONSTANT_CONVERSION = YES;
				CLANG_WARN_DEPRECATED_OBJC_IMPLEMENTATIONS = YES;
				CLANG_WARN_DIRECT_OBJC_ISA_USAGE = YES_ERROR;
				CLANG_WARN_DOCUMENTATION_COMMENTS = YES;
				CLANG_WARN_EMPTY_BODY = YES;
				CLANG_WARN_ENUM_CONVERSION = YES;
				CLANG_WARN_INFINITE_RECURSION = YES;
				CLANG_WARN_INT_CONVERSION = YES;
				CLANG_WARN_NON_LITERAL_NULL_CONVERSION = YES;
				CLANG_WARN_OBJC_IMPLICIT_RETAIN_SELF = YES;
				CLANG_WARN_OBJC_LITERAL_CONVERSION = YES;
				CLANG_WARN_OBJC_ROOT_CLASS = YES_ERROR;
				CLANG_WARN_QUOTED_INCLUDE_IN_FRAMEWORK_HEADER = YES;
				CLANG_WARN_RANGE_LOOP_ANALYSIS = YES;
				CLANG_WARN_STRICT_PROTOTYPES = YES;
				CLANG_WARN_SUSPICIOUS_MOVE = YES;
				CLANG_WARN_UNGUARDED_AVAILABILITY = YES_AGGRESSIVE;
				CLANG_WARN_UNREACHABLE_CODE = YES;
				CLANG_WARN__DUPLICATE_METHOD_MATCH = YES;
				COPY_PHASE_STRIP = NO;
				DEBUG_INFORMATION_FORMAT = dwarf;
				ENABLE_STRICT_OBJC_MSGSEND = YES;
				ENABLE_TESTABILITY = YES;
				GCC_C_LANGUAGE_STANDARD = gnu11;
				GCC_DYNAMIC_NO_PIC = NO;
				GCC_NO_COMMON_BLOCKS = YES;
				GCC_OPTIMIZATION_LEVEL = 0;
				GCC_PREPROCESSOR_DEFINITIONS = (
					"DEBUG=1",
					"$(inherited)",
				);
				GCC_WARN_64_TO_32_BIT_CONVERSION = YES;
				GCC_WARN_ABOUT_RETURN_TYPE = YES_ERROR;
				GCC_WARN_UNDECLARED_SELECTOR = YES;
				GCC_WARN_UNINITIALIZED_AUTOS = YES_AGGRESSIVE;
				GCC_WARN_UNUSED_FUNCTION = YES;
				GCC_WARN_UNUSED_VARIABLE = YES;
				IPHONEOS_DEPLOYMENT_TARGET = 16.4;
				MTL_ENABLE_DEBUG_INFO = INCLUDE_SOURCE;
				MTL_FAST_MATH = YES;
				ONLY_ACTIVE_ARCH = YES;
				SDKROOT = iphoneos;
				SWIFT_ACTIVE_COMPILATION_CONDITIONS = DEBUG;
				SWIFT_OPTIMIZATION_LEVEL = "-Onone";
			};
			name = Debug;
		};
		42A37DE42AB89186008477B9 /* Release */ = {
			isa = XCBuildConfiguration;
			buildSettings = {
				ALWAYS_SEARCH_USER_PATHS = NO;
				CLANG_ANALYZER_NONNULL = YES;
				CLANG_ANALYZER_NUMBER_OBJECT_CONVERSION = YES_AGGRESSIVE;
				CLANG_CXX_LANGUAGE_STANDARD = "gnu++20";
				CLANG_ENABLE_MODULES = YES;
				CLANG_ENABLE_OBJC_ARC = YES;
				CLANG_ENABLE_OBJC_WEAK = YES;
				CLANG_WARN_BLOCK_CAPTURE_AUTORELEASING = YES;
				CLANG_WARN_BOOL_CONVERSION = YES;
				CLANG_WARN_COMMA = YES;
				CLANG_WARN_CONSTANT_CONVERSION = YES;
				CLANG_WARN_DEPRECATED_OBJC_IMPLEMENTATIONS = YES;
				CLANG_WARN_DIRECT_OBJC_ISA_USAGE = YES_ERROR;
				CLANG_WARN_DOCUMENTATION_COMMENTS = YES;
				CLANG_WARN_EMPTY_BODY = YES;
				CLANG_WARN_ENUM_CONVERSION = YES;
				CLANG_WARN_INFINITE_RECURSION = YES;
				CLANG_WARN_INT_CONVERSION = YES;
				CLANG_WARN_NON_LITERAL_NULL_CONVERSION = YES;
				CLANG_WARN_OBJC_IMPLICIT_RETAIN_SELF = YES;
				CLANG_WARN_OBJC_LITERAL_CONVERSION = YES;
				CLANG_WARN_OBJC_ROOT_CLASS = YES_ERROR;
				CLANG_WARN_QUOTED_INCLUDE_IN_FRAMEWORK_HEADER = YES;
				CLANG_WARN_RANGE_LOOP_ANALYSIS = YES;
				CLANG_WARN_STRICT_PROTOTYPES = YES;
				CLANG_WARN_SUSPICIOUS_MOVE = YES;
				CLANG_WARN_UNGUARDED_AVAILABILITY = YES_AGGRESSIVE;
				CLANG_WARN_UNREACHABLE_CODE = YES;
				CLANG_WARN__DUPLICATE_METHOD_MATCH = YES;
				COPY_PHASE_STRIP = NO;
				DEBUG_INFORMATION_FORMAT = "dwarf-with-dsym";
				ENABLE_NS_ASSERTIONS = NO;
				ENABLE_STRICT_OBJC_MSGSEND = YES;
				GCC_C_LANGUAGE_STANDARD = gnu11;
				GCC_NO_COMMON_BLOCKS = YES;
				GCC_WARN_64_TO_32_BIT_CONVERSION = YES;
				GCC_WARN_ABOUT_RETURN_TYPE = YES_ERROR;
				GCC_WARN_UNDECLARED_SELECTOR = YES;
				GCC_WARN_UNINITIALIZED_AUTOS = YES_AGGRESSIVE;
				GCC_WARN_UNUSED_FUNCTION = YES;
				GCC_WARN_UNUSED_VARIABLE = YES;
				IPHONEOS_DEPLOYMENT_TARGET = 16.4;
				MTL_ENABLE_DEBUG_INFO = NO;
				MTL_FAST_MATH = YES;
				SDKROOT = iphoneos;
				SWIFT_COMPILATION_MODE = wholemodule;
				SWIFT_OPTIMIZATION_LEVEL = "-O";
				VALIDATE_PRODUCT = YES;
			};
			name = Release;
		};
		42A37DE62AB89186008477B9 /* Debug */ = {
			isa = XCBuildConfiguration;
			buildSettings = {
				ASSETCATALOG_COMPILER_APPICON_NAME = AppIcon;
				ASSETCATALOG_COMPILER_GLOBAL_ACCENT_COLOR_NAME = AccentColor;
				CODE_SIGN_STYLE = Automatic;
				CURRENT_PROJECT_VERSION = 1;
				GENERATE_INFOPLIST_FILE = YES;
				INFOPLIST_FILE = Movies/Info.plist;
				INFOPLIST_KEY_UIApplicationSupportsIndirectInputEvents = YES;
				INFOPLIST_KEY_UILaunchStoryboardName = LaunchScreen;
				INFOPLIST_KEY_UIMainStoryboardFile = "";
				INFOPLIST_KEY_UISupportedInterfaceOrientations_iPad = "UIInterfaceOrientationPortrait UIInterfaceOrientationPortraitUpsideDown UIInterfaceOrientationLandscapeLeft UIInterfaceOrientationLandscapeRight";
				INFOPLIST_KEY_UISupportedInterfaceOrientations_iPhone = "UIInterfaceOrientationPortrait UIInterfaceOrientationLandscapeLeft UIInterfaceOrientationLandscapeRight";
				IPHONEOS_DEPLOYMENT_TARGET = 15.0;
				LD_RUNPATH_SEARCH_PATHS = (
					"$(inherited)",
					"@executable_path/Frameworks",
				);
				MARKETING_VERSION = 1.0;
				PRODUCT_BUNDLE_IDENTIFIER = com.movies.Movies;
				PRODUCT_NAME = "$(TARGET_NAME)";
				SWIFT_EMIT_LOC_STRINGS = YES;
				SWIFT_VERSION = 5.0;
				TARGETED_DEVICE_FAMILY = "1,2";
			};
			name = Debug;
		};
		42A37DE72AB89186008477B9 /* Release */ = {
			isa = XCBuildConfiguration;
			buildSettings = {
				ASSETCATALOG_COMPILER_APPICON_NAME = AppIcon;
				ASSETCATALOG_COMPILER_GLOBAL_ACCENT_COLOR_NAME = AccentColor;
				CODE_SIGN_STYLE = Automatic;
				CURRENT_PROJECT_VERSION = 1;
				GENERATE_INFOPLIST_FILE = YES;
				INFOPLIST_FILE = Movies/Info.plist;
				INFOPLIST_KEY_UIApplicationSupportsIndirectInputEvents = YES;
				INFOPLIST_KEY_UILaunchStoryboardName = LaunchScreen;
				INFOPLIST_KEY_UIMainStoryboardFile = "";
				INFOPLIST_KEY_UISupportedInterfaceOrientations_iPad = "UIInterfaceOrientationPortrait UIInterfaceOrientationPortraitUpsideDown UIInterfaceOrientationLandscapeLeft UIInterfaceOrientationLandscapeRight";
				INFOPLIST_KEY_UISupportedInterfaceOrientations_iPhone = "UIInterfaceOrientationPortrait UIInterfaceOrientationLandscapeLeft UIInterfaceOrientationLandscapeRight";
				IPHONEOS_DEPLOYMENT_TARGET = 15.0;
				LD_RUNPATH_SEARCH_PATHS = (
					"$(inherited)",
					"@executable_path/Frameworks",
				);
				MARKETING_VERSION = 1.0;
				PRODUCT_BUNDLE_IDENTIFIER = com.movies.Movies;
				PRODUCT_NAME = "$(TARGET_NAME)";
				SWIFT_EMIT_LOC_STRINGS = YES;
				SWIFT_VERSION = 5.0;
				TARGETED_DEVICE_FAMILY = "1,2";
			};
			name = Release;
		};
/* End XCBuildConfiguration section */

/* Begin XCConfigurationList section */
		42A37DCC2AB89184008477B9 /* Build configuration list for PBXProject "Movies" */ = {
			isa = XCConfigurationList;
			buildConfigurations = (
				42A37DE32AB89186008477B9 /* Debug */,
				42A37DE42AB89186008477B9 /* Release */,
			);
			defaultConfigurationIsVisible = 0;
			defaultConfigurationName = Release;
		};
		42A37DE52AB89186008477B9 /* Build configuration list for PBXNativeTarget "Movies" */ = {
			isa = XCConfigurationList;
			buildConfigurations = (
				42A37DE62AB89186008477B9 /* Debug */,
				42A37DE72AB89186008477B9 /* Release */,
			);
			defaultConfigurationIsVisible = 0;
			defaultConfigurationName = Release;
		};
/* End XCConfigurationList section */
	};
	rootObject = 42A37DC92AB89184008477B9 /* Project object */;
}
